
Microsoft Visual Studio Solution File, Format Version 12.00
# Visual Studio 15
VisualStudioVersion = 15.0.27130.2036
MinimumVisualStudioVersion = 10.0.40219.1
Project("{FAE04EC0-301F-11D3-BF4B-00C04F79EFBC}") = "HackathonTemplates", "HackathonTemplates\HackathonTemplates.csproj", "{81C0FFDF-1ED8-4AEF-88C7-5D159332F6F7}"
EndProject
Global
	GlobalSection(SolutionConfigurationPlatforms) = preSolution
		Debug|Any CPU = Debug|Any CPU
		Release|Any CPU = Release|Any CPU
	EndGlobalSection
	GlobalSection(ProjectConfigurationPlatforms) = postSolution
		{81C0FFDF-1ED8-4AEF-88C7-5D159332F6F7}.Debug|Any CPU.ActiveCfg = Debug|Any CPU
		{81C0FFDF-1ED8-4AEF-88C7-5D159332F6F7}.Debug|Any CPU.Build.0 = Debug|Any CPU
		{81C0FFDF-1ED8-4AEF-88C7-5D159332F6F7}.Release|Any CPU.ActiveCfg = Release|Any CPU
		{81C0FFDF-1ED8-4AEF-88C7-5D159332F6F7}.Release|Any CPU.Build.0 = Release|Any CPU
	EndGlobalSection
	GlobalSection(SolutionProperties) = preSolution
		HideSolutionNode = FALSE
	EndGlobalSection
	GlobalSection(ExtensibilityGlobals) = postSolution
		SolutionGuid = {9217CB0E-2E38-41D2-BE88-32B296C17ECF}
	EndGlobalSection
EndGlobal
